
Microsoft Visual Studio Solution File, Format Version 12.00
# Visual Studio 15
VisualStudioVersion = 15.0.26124.0
MinimumVisualStudioVersion = 15.0.26124.0
Project("{2150E333-8FDC-42A3-9474-1A3956D46DE8}") = "src", "src", "{8A1904F6-6CCC-4FF1-B4FC-E8A131389945}"
EndProject
Project("{FAE04EC0-301F-11D3-BF4B-00C04F79EFBC}") = "GradesBookProj", "src\GradesBookProj\GradesBookProj.csproj", "{F6FD48BD-D888-4EE0-9897-EE57B46AAFC9}"
EndProject
Project("{2150E333-8FDC-42A3-9474-1A3956D46DE8}") = "test", "test", "{F9C7B43B-31CC-44F1-A8D5-BD063BB14ED4}"
EndProject
Project("{FAE04EC0-301F-11D3-BF4B-00C04F79EFBC}") = "GradeBook.Tests", "test\GradeBook.Tests\GradeBook.Tests.csproj", "{0F5F11E9-B08B-4360-B0B3-26BF8B15C328}"
EndProject
Global
	GlobalSection(SolutionConfigurationPlatforms) = preSolution
		Debug|Any CPU = Debug|Any CPU
		Debug|x64 = Debug|x64
		Debug|x86 = Debug|x86
		Release|Any CPU = Release|Any CPU
		Release|x64 = Release|x64
		Release|x86 = Release|x86
	EndGlobalSection
	GlobalSection(SolutionProperties) = preSolution
		HideSolutionNode = FALSE
	EndGlobalSection
	GlobalSection(ProjectConfigurationPlatforms) = postSolution
		{F6FD48BD-D888-4EE0-9897-EE57B46AAFC9}.Debug|Any CPU.ActiveCfg = Debug|Any CPU
		{F6FD48BD-D888-4EE0-9897-EE57B46AAFC9}.Debug|Any CPU.Build.0 = Debug|Any CPU
		{F6FD48BD-D888-4EE0-9897-EE57B46AAFC9}.Debug|x64.ActiveCfg = Debug|Any CPU
		{F6FD48BD-D888-4EE0-9897-EE57B46AAFC9}.Debug|x64.Build.0 = Debug|Any CPU
		{F6FD48BD-D888-4EE0-9897-EE57B46AAFC9}.Debug|x86.ActiveCfg = Debug|Any CPU
		{F6FD48BD-D888-4EE0-9897-EE57B46AAFC9}.Debug|x86.Build.0 = Debug|Any CPU
		{F6FD48BD-D888-4EE0-9897-EE57B46AAFC9}.Release|Any CPU.ActiveCfg = Release|Any CPU
		{F6FD48BD-D888-4EE0-9897-EE57B46AAFC9}.Release|Any CPU.Build.0 = Release|Any CPU
		{F6FD48BD-D888-4EE0-9897-EE57B46AAFC9}.Release|x64.ActiveCfg = Release|Any CPU
		{F6FD48BD-D888-4EE0-9897-EE57B46AAFC9}.Release|x64.Build.0 = Release|Any CPU
		{F6FD48BD-D888-4EE0-9897-EE57B46AAFC9}.Release|x86.ActiveCfg = Release|Any CPU
		{F6FD48BD-D888-4EE0-9897-EE57B46AAFC9}.Release|x86.Build.0 = Release|Any CPU
		{0F5F11E9-B08B-4360-B0B3-26BF8B15C328}.Debug|Any CPU.ActiveCfg = Debug|Any CPU
		{0F5F11E9-B08B-4360-B0B3-26BF8B15C328}.Debug|Any CPU.Build.0 = Debug|Any CPU
		{0F5F11E9-B08B-4360-B0B3-26BF8B15C328}.Debug|x64.ActiveCfg = Debug|Any CPU
		{0F5F11E9-B08B-4360-B0B3-26BF8B15C328}.Debug|x64.Build.0 = Debug|Any CPU
		{0F5F11E9-B08B-4360-B0B3-26BF8B15C328}.Debug|x86.ActiveCfg = Debug|Any CPU
		{0F5F11E9-B08B-4360-B0B3-26BF8B15C328}.Debug|x86.Build.0 = Debug|Any CPU
		{0F5F11E9-B08B-4360-B0B3-26BF8B15C328}.Release|Any CPU.ActiveCfg = Release|Any CPU
		{0F5F11E9-B08B-4360-B0B3-26BF8B15C328}.Release|Any CPU.Build.0 = Release|Any CPU
		{0F5F11E9-B08B-4360-B0B3-26BF8B15C328}.Release|x64.ActiveCfg = Release|Any CPU
		{0F5F11E9-B08B-4360-B0B3-26BF8B15C328}.Release|x64.Build.0 = Release|Any CPU
		{0F5F11E9-B08B-4360-B0B3-26BF8B15C328}.Release|x86.ActiveCfg = Release|Any CPU
		{0F5F11E9-B08B-4360-B0B3-26BF8B15C328}.Release|x86.Build.0 = Release|Any CPU
	EndGlobalSection
	GlobalSection(NestedProjects) = preSolution
		{F6FD48BD-D888-4EE0-9897-EE57B46AAFC9} = {8A1904F6-6CCC-4FF1-B4FC-E8A131389945}
		{0F5F11E9-B08B-4360-B0B3-26BF8B15C328} = {F9C7B43B-31CC-44F1-A8D5-BD063BB14ED4}
	EndGlobalSection
EndGlobal
