
Microsoft Visual Studio Solution File, Format Version 12.00
# Visual Studio Version 16
VisualStudioVersion = 16.0.29519.181
MinimumVisualStudioVersion = 15.0.26124.0
Project("{2150E333-8FDC-42A3-9474-1A3956D46DE8}") = "src", "src", "{8A1904F6-6CCC-4FF1-B4FC-E8A131389945}"
EndProject
Project("{9A19103F-16F7-4668-BE54-9A1E7A4F7556}") = "GradesBookProj", "src\GradesBookProj\GradesBookProj.csproj", "{F6FD48BD-D888-4EE0-9897-EE57B46AAFC9}"
EndProject
Project("{2150E333-8FDC-42A3-9474-1A3956D46DE8}") = "test", "test", "{F9C7B43B-31CC-44F1-A8D5-BD063BB14ED4}"
EndProject
Project("{9A19103F-16F7-4668-BE54-9A1E7A4F7556}") = "GradeBook.Tests", "test\GradeBook.Tests\GradeBook.Tests.csproj", "{0F5F11E9-B08B-4360-B0B3-26BF8B15C328}"
EndProject
Project("{2150E333-8FDC-42A3-9474-1A3956D46DE8}") = "ACM", "ACM", "{1C817D1B-FA73-424C-91DF-B7E87C34909D}"
EndProject
Project("{9A19103F-16F7-4668-BE54-9A1E7A4F7556}") = "ACM.BL", "src\ACM\ACM.BL\ACM.BL.csproj", "{6E54CF55-557B-4901-A6EC-B61B245B4028}"
EndProject
Project("{FAE04EC0-301F-11D3-BF4B-00C04F79EFBC}") = "ACM.BLTest", "test\ACM.BLTest\ACM.BLTest.csproj", "{7EF5E888-A764-47B2-82BA-62906FBFB544}"
EndProject
Project("{FAE04EC0-301F-11D3-BF4B-00C04F79EFBC}") = "Acme.Common", "src\ACM\Acme.Common\Acme.Common.csproj", "{52B7799E-879D-4179-BDA4-6C6F84FF0D99}"
EndProject
Project("{FAE04EC0-301F-11D3-BF4B-00C04F79EFBC}") = "Acme.CommonTest", "test\me.CommonTest\Acme.CommonTest.csproj", "{DE99CA3F-E522-4742-9CC5-B272DF7B6613}"
EndProject
Global
	GlobalSection(SolutionConfigurationPlatforms) = preSolution
		Debug|Any CPU = Debug|Any CPU
		Debug|x64 = Debug|x64
		Debug|x86 = Debug|x86
		Release|Any CPU = Release|Any CPU
		Release|x64 = Release|x64
		Release|x86 = Release|x86
	EndGlobalSection
	GlobalSection(ProjectConfigurationPlatforms) = postSolution
		{F6FD48BD-D888-4EE0-9897-EE57B46AAFC9}.Debug|Any CPU.ActiveCfg = Debug|Any CPU
		{F6FD48BD-D888-4EE0-9897-EE57B46AAFC9}.Debug|Any CPU.Build.0 = Debug|Any CPU
		{F6FD48BD-D888-4EE0-9897-EE57B46AAFC9}.Debug|x64.ActiveCfg = Debug|Any CPU
		{F6FD48BD-D888-4EE0-9897-EE57B46AAFC9}.Debug|x64.Build.0 = Debug|Any CPU
		{F6FD48BD-D888-4EE0-9897-EE57B46AAFC9}.Debug|x86.ActiveCfg = Debug|Any CPU
		{F6FD48BD-D888-4EE0-9897-EE57B46AAFC9}.Debug|x86.Build.0 = Debug|Any CPU
		{F6FD48BD-D888-4EE0-9897-EE57B46AAFC9}.Release|Any CPU.ActiveCfg = Release|Any CPU
		{F6FD48BD-D888-4EE0-9897-EE57B46AAFC9}.Release|Any CPU.Build.0 = Release|Any CPU
		{F6FD48BD-D888-4EE0-9897-EE57B46AAFC9}.Release|x64.ActiveCfg = Release|Any CPU
		{F6FD48BD-D888-4EE0-9897-EE57B46AAFC9}.Release|x64.Build.0 = Release|Any CPU
		{F6FD48BD-D888-4EE0-9897-EE57B46AAFC9}.Release|x86.ActiveCfg = Release|Any CPU
		{F6FD48BD-D888-4EE0-9897-EE57B46AAFC9}.Release|x86.Build.0 = Release|Any CPU
		{0F5F11E9-B08B-4360-B0B3-26BF8B15C328}.Debug|Any CPU.ActiveCfg = Debug|Any CPU
		{0F5F11E9-B08B-4360-B0B3-26BF8B15C328}.Debug|Any CPU.Build.0 = Debug|Any CPU
		{0F5F11E9-B08B-4360-B0B3-26BF8B15C328}.Debug|x64.ActiveCfg = Debug|Any CPU
		{0F5F11E9-B08B-4360-B0B3-26BF8B15C328}.Debug|x64.Build.0 = Debug|Any CPU
		{0F5F11E9-B08B-4360-B0B3-26BF8B15C328}.Debug|x86.ActiveCfg = Debug|Any CPU
		{0F5F11E9-B08B-4360-B0B3-26BF8B15C328}.Debug|x86.Build.0 = Debug|Any CPU
		{0F5F11E9-B08B-4360-B0B3-26BF8B15C328}.Release|Any CPU.ActiveCfg = Release|Any CPU
		{0F5F11E9-B08B-4360-B0B3-26BF8B15C328}.Release|Any CPU.Build.0 = Release|Any CPU
		{0F5F11E9-B08B-4360-B0B3-26BF8B15C328}.Release|x64.ActiveCfg = Release|Any CPU
		{0F5F11E9-B08B-4360-B0B3-26BF8B15C328}.Release|x64.Build.0 = Release|Any CPU
		{0F5F11E9-B08B-4360-B0B3-26BF8B15C328}.Release|x86.ActiveCfg = Release|Any CPU
		{0F5F11E9-B08B-4360-B0B3-26BF8B15C328}.Release|x86.Build.0 = Release|Any CPU
		{6E54CF55-557B-4901-A6EC-B61B245B4028}.Debug|Any CPU.ActiveCfg = Debug|Any CPU
		{6E54CF55-557B-4901-A6EC-B61B245B4028}.Debug|Any CPU.Build.0 = Debug|Any CPU
		{6E54CF55-557B-4901-A6EC-B61B245B4028}.Debug|x64.ActiveCfg = Debug|Any CPU
		{6E54CF55-557B-4901-A6EC-B61B245B4028}.Debug|x64.Build.0 = Debug|Any CPU
		{6E54CF55-557B-4901-A6EC-B61B245B4028}.Debug|x86.ActiveCfg = Debug|Any CPU
		{6E54CF55-557B-4901-A6EC-B61B245B4028}.Debug|x86.Build.0 = Debug|Any CPU
		{6E54CF55-557B-4901-A6EC-B61B245B4028}.Release|Any CPU.ActiveCfg = Release|Any CPU
		{6E54CF55-557B-4901-A6EC-B61B245B4028}.Release|Any CPU.Build.0 = Release|Any CPU
		{6E54CF55-557B-4901-A6EC-B61B245B4028}.Release|x64.ActiveCfg = Release|Any CPU
		{6E54CF55-557B-4901-A6EC-B61B245B4028}.Release|x64.Build.0 = Release|Any CPU
		{6E54CF55-557B-4901-A6EC-B61B245B4028}.Release|x86.ActiveCfg = Release|Any CPU
		{6E54CF55-557B-4901-A6EC-B61B245B4028}.Release|x86.Build.0 = Release|Any CPU
		{7EF5E888-A764-47B2-82BA-62906FBFB544}.Debug|Any CPU.ActiveCfg = Debug|Any CPU
		{7EF5E888-A764-47B2-82BA-62906FBFB544}.Debug|Any CPU.Build.0 = Debug|Any CPU
		{7EF5E888-A764-47B2-82BA-62906FBFB544}.Debug|x64.ActiveCfg = Debug|Any CPU
		{7EF5E888-A764-47B2-82BA-62906FBFB544}.Debug|x64.Build.0 = Debug|Any CPU
		{7EF5E888-A764-47B2-82BA-62906FBFB544}.Debug|x86.ActiveCfg = Debug|Any CPU
		{7EF5E888-A764-47B2-82BA-62906FBFB544}.Debug|x86.Build.0 = Debug|Any CPU
		{7EF5E888-A764-47B2-82BA-62906FBFB544}.Release|Any CPU.ActiveCfg = Release|Any CPU
		{7EF5E888-A764-47B2-82BA-62906FBFB544}.Release|Any CPU.Build.0 = Release|Any CPU
		{7EF5E888-A764-47B2-82BA-62906FBFB544}.Release|x64.ActiveCfg = Release|Any CPU
		{7EF5E888-A764-47B2-82BA-62906FBFB544}.Release|x64.Build.0 = Release|Any CPU
		{7EF5E888-A764-47B2-82BA-62906FBFB544}.Release|x86.ActiveCfg = Release|Any CPU
		{7EF5E888-A764-47B2-82BA-62906FBFB544}.Release|x86.Build.0 = Release|Any CPU
		{52B7799E-879D-4179-BDA4-6C6F84FF0D99}.Debug|Any CPU.ActiveCfg = Debug|Any CPU
		{52B7799E-879D-4179-BDA4-6C6F84FF0D99}.Debug|Any CPU.Build.0 = Debug|Any CPU
		{52B7799E-879D-4179-BDA4-6C6F84FF0D99}.Debug|x64.ActiveCfg = Debug|Any CPU
		{52B7799E-879D-4179-BDA4-6C6F84FF0D99}.Debug|x64.Build.0 = Debug|Any CPU
		{52B7799E-879D-4179-BDA4-6C6F84FF0D99}.Debug|x86.ActiveCfg = Debug|Any CPU
		{52B7799E-879D-4179-BDA4-6C6F84FF0D99}.Debug|x86.Build.0 = Debug|Any CPU
		{52B7799E-879D-4179-BDA4-6C6F84FF0D99}.Release|Any CPU.ActiveCfg = Release|Any CPU
		{52B7799E-879D-4179-BDA4-6C6F84FF0D99}.Release|Any CPU.Build.0 = Release|Any CPU
		{52B7799E-879D-4179-BDA4-6C6F84FF0D99}.Release|x64.ActiveCfg = Release|Any CPU
		{52B7799E-879D-4179-BDA4-6C6F84FF0D99}.Release|x64.Build.0 = Release|Any CPU
		{52B7799E-879D-4179-BDA4-6C6F84FF0D99}.Release|x86.ActiveCfg = Release|Any CPU
		{52B7799E-879D-4179-BDA4-6C6F84FF0D99}.Release|x86.Build.0 = Release|Any CPU
		{DE99CA3F-E522-4742-9CC5-B272DF7B6613}.Debug|Any CPU.ActiveCfg = Debug|Any CPU
		{DE99CA3F-E522-4742-9CC5-B272DF7B6613}.Debug|Any CPU.Build.0 = Debug|Any CPU
		{DE99CA3F-E522-4742-9CC5-B272DF7B6613}.Debug|x64.ActiveCfg = Debug|Any CPU
		{DE99CA3F-E522-4742-9CC5-B272DF7B6613}.Debug|x64.Build.0 = Debug|Any CPU
		{DE99CA3F-E522-4742-9CC5-B272DF7B6613}.Debug|x86.ActiveCfg = Debug|Any CPU
		{DE99CA3F-E522-4742-9CC5-B272DF7B6613}.Debug|x86.Build.0 = Debug|Any CPU
		{DE99CA3F-E522-4742-9CC5-B272DF7B6613}.Release|Any CPU.ActiveCfg = Release|Any CPU
		{DE99CA3F-E522-4742-9CC5-B272DF7B6613}.Release|Any CPU.Build.0 = Release|Any CPU
		{DE99CA3F-E522-4742-9CC5-B272DF7B6613}.Release|x64.ActiveCfg = Release|Any CPU
		{DE99CA3F-E522-4742-9CC5-B272DF7B6613}.Release|x64.Build.0 = Release|Any CPU
		{DE99CA3F-E522-4742-9CC5-B272DF7B6613}.Release|x86.ActiveCfg = Release|Any CPU
		{DE99CA3F-E522-4742-9CC5-B272DF7B6613}.Release|x86.Build.0 = Release|Any CPU
	EndGlobalSection
	GlobalSection(SolutionProperties) = preSolution
		HideSolutionNode = FALSE
	EndGlobalSection
	GlobalSection(NestedProjects) = preSolution
		{F6FD48BD-D888-4EE0-9897-EE57B46AAFC9} = {8A1904F6-6CCC-4FF1-B4FC-E8A131389945}
		{0F5F11E9-B08B-4360-B0B3-26BF8B15C328} = {F9C7B43B-31CC-44F1-A8D5-BD063BB14ED4}
		{1C817D1B-FA73-424C-91DF-B7E87C34909D} = {8A1904F6-6CCC-4FF1-B4FC-E8A131389945}
		{6E54CF55-557B-4901-A6EC-B61B245B4028} = {1C817D1B-FA73-424C-91DF-B7E87C34909D}
		{7EF5E888-A764-47B2-82BA-62906FBFB544} = {F9C7B43B-31CC-44F1-A8D5-BD063BB14ED4}
		{52B7799E-879D-4179-BDA4-6C6F84FF0D99} = {1C817D1B-FA73-424C-91DF-B7E87C34909D}
		{DE99CA3F-E522-4742-9CC5-B272DF7B6613} = {F9C7B43B-31CC-44F1-A8D5-BD063BB14ED4}
	EndGlobalSection
	GlobalSection(ExtensibilityGlobals) = postSolution
		SolutionGuid = {50D43AF1-CAB8-404E-8EC7-B195E278A362}
	EndGlobalSection
EndGlobal
